// !$*UTF8*$!
{
	archiveVersion = 1;
	classes = {
	};
	objectVersion = 50;
	objects = {

/* Begin PBXBuildFile section */
		6B04191523DE2794006001CE /* MovieDetailViewController.swift in Sources */ = {isa = PBXBuildFile; fileRef = 6B04191423DE2794006001CE /* MovieDetailViewController.swift */; };
		6BA2344E23DC8BA400F33360 /* AppDelegate.swift in Sources */ = {isa = PBXBuildFile; fileRef = 6BA2344D23DC8BA400F33360 /* AppDelegate.swift */; };
		6BA2345023DC8BA400F33360 /* SceneDelegate.swift in Sources */ = {isa = PBXBuildFile; fileRef = 6BA2344F23DC8BA400F33360 /* SceneDelegate.swift */; };
		6BA2345223DC8BA400F33360 /* ViewController.swift in Sources */ = {isa = PBXBuildFile; fileRef = 6BA2345123DC8BA400F33360 /* ViewController.swift */; };
		6BA2345523DC8BA400F33360 /* Main.storyboard in Resources */ = {isa = PBXBuildFile; fileRef = 6BA2345323DC8BA400F33360 /* Main.storyboard */; };
		6BA2345823DC8BA400F33360 /* MovieList.xcdatamodeld in Sources */ = {isa = PBXBuildFile; fileRef = 6BA2345623DC8BA400F33360 /* MovieList.xcdatamodeld */; };
		6BA2345A23DC8BA700F33360 /* Assets.xcassets in Resources */ = {isa = PBXBuildFile; fileRef = 6BA2345923DC8BA700F33360 /* Assets.xcassets */; };
		6BA2345D23DC8BA700F33360 /* LaunchScreen.storyboard in Resources */ = {isa = PBXBuildFile; fileRef = 6BA2345B23DC8BA700F33360 /* LaunchScreen.storyboard */; };
		6BA2346B23DCA39A00F33360 /* LoginViewController.swift in Sources */ = {isa = PBXBuildFile; fileRef = 6BA2346A23DCA39A00F33360 /* LoginViewController.swift */; };
		6BA2346F23DCE14800F33360 /* MovieListViewController.swift in Sources */ = {isa = PBXBuildFile; fileRef = 6BA2346E23DCE14800F33360 /* MovieListViewController.swift */; };
		6BA2347223DCE19400F33360 /* MovieCell.swift in Sources */ = {isa = PBXBuildFile; fileRef = 6BA2347123DCE19400F33360 /* MovieCell.swift */; };
		6BA2347623DD02CC00F33360 /* MovieListModel.swift in Sources */ = {isa = PBXBuildFile; fileRef = 6BA2347523DD02CC00F33360 /* MovieListModel.swift */; };
		6BA2347823DD036200F33360 /* DataSet.swift in Sources */ = {isa = PBXBuildFile; fileRef = 6BA2347723DD036200F33360 /* DataSet.swift */; };
/* End PBXBuildFile section */

/* Begin PBXFileReference section */
		6B04191423DE2794006001CE /* MovieDetailViewController.swift */ = {isa = PBXFileReference; lastKnownFileType = sourcecode.swift; path = MovieDetailViewController.swift; sourceTree = "<group>"; };
		6BA2344A23DC8BA400F33360 /* MovieList.app */ = {isa = PBXFileReference; explicitFileType = wrapper.application; includeInIndex = 0; path = MovieList.app; sourceTree = BUILT_PRODUCTS_DIR; };
		6BA2344D23DC8BA400F33360 /* AppDelegate.swift */ = {isa = PBXFileReference; lastKnownFileType = sourcecode.swift; path = AppDelegate.swift; sourceTree = "<group>"; };
		6BA2344F23DC8BA400F33360 /* SceneDelegate.swift */ = {isa = PBXFileReference; lastKnownFileType = sourcecode.swift; path = SceneDelegate.swift; sourceTree = "<group>"; };
		6BA2345123DC8BA400F33360 /* ViewController.swift */ = {isa = PBXFileReference; lastKnownFileType = sourcecode.swift; path = ViewController.swift; sourceTree = "<group>"; };
		6BA2345423DC8BA400F33360 /* Base */ = {isa = PBXFileReference; lastKnownFileType = file.storyboard; name = Base; path = Base.lproj/Main.storyboard; sourceTree = "<group>"; };
		6BA2345723DC8BA400F33360 /* MovieList.xcdatamodel */ = {isa = PBXFileReference; lastKnownFileType = wrapper.xcdatamodel; path = MovieList.xcdatamodel; sourceTree = "<group>"; };
		6BA2345923DC8BA700F33360 /* Assets.xcassets */ = {isa = PBXFileReference; lastKnownFileType = folder.assetcatalog; path = Assets.xcassets; sourceTree = "<group>"; };
		6BA2345C23DC8BA700F33360 /* Base */ = {isa = PBXFileReference; lastKnownFileType = file.storyboard; name = Base; path = Base.lproj/LaunchScreen.storyboard; sourceTree = "<group>"; };
		6BA2345E23DC8BA700F33360 /* Info.plist */ = {isa = PBXFileReference; lastKnownFileType = text.plist.xml; path = Info.plist; sourceTree = "<group>"; };
		6BA2346A23DCA39A00F33360 /* LoginViewController.swift */ = {isa = PBXFileReference; lastKnownFileType = sourcecode.swift; path = LoginViewController.swift; sourceTree = "<group>"; };
		6BA2346E23DCE14800F33360 /* MovieListViewController.swift */ = {isa = PBXFileReference; lastKnownFileType = sourcecode.swift; path = MovieListViewController.swift; sourceTree = "<group>"; };
		6BA2347123DCE19400F33360 /* MovieCell.swift */ = {isa = PBXFileReference; lastKnownFileType = sourcecode.swift; path = MovieCell.swift; sourceTree = "<group>"; };
		6BA2347523DD02CC00F33360 /* MovieListModel.swift */ = {isa = PBXFileReference; lastKnownFileType = sourcecode.swift; path = MovieListModel.swift; sourceTree = "<group>"; };
		6BA2347723DD036200F33360 /* DataSet.swift */ = {isa = PBXFileReference; lastKnownFileType = sourcecode.swift; path = DataSet.swift; sourceTree = "<group>"; };
/* End PBXFileReference section */

/* Begin PBXFrameworksBuildPhase section */
		6BA2344723DC8BA400F33360 /* Frameworks */ = {
			isa = PBXFrameworksBuildPhase;
			buildActionMask = 2147483647;
			files = (
			);
			runOnlyForDeploymentPostprocessing = 0;
		};
/* End PBXFrameworksBuildPhase section */

/* Begin PBXGroup section */
		6BA2344123DC8BA400F33360 = {
			isa = PBXGroup;
			children = (
				6BA2344C23DC8BA400F33360 /* MovieList */,
				6BA2344B23DC8BA400F33360 /* Products */,
			);
			sourceTree = "<group>";
		};
		6BA2344B23DC8BA400F33360 /* Products */ = {
			isa = PBXGroup;
			children = (
				6BA2344A23DC8BA400F33360 /* MovieList.app */,
			);
			name = Products;
			sourceTree = "<group>";
		};
		6BA2344C23DC8BA400F33360 /* MovieList */ = {
			isa = PBXGroup;
			children = (
				6BA2346423DC8CE700F33360 /* Models */,
				6BA2346523DC8CEF00F33360 /* Views */,
				6BA2346623DC8CF700F33360 /* Controllers */,
				6BA2346723DC8D0C00F33360 /* Datas */,
				6BA2346823DC8DA400F33360 /* Helpers */,
				6BA2346923DC8DC500F33360 /* Assets */,
			);
			path = MovieList;
			sourceTree = "<group>";
		};
		6BA2346423DC8CE700F33360 /* Models */ = {
			isa = PBXGroup;
			children = (
				6BA2347523DD02CC00F33360 /* MovieListModel.swift */,
			);
			path = Models;
			sourceTree = "<group>";
		};
		6BA2346523DC8CEF00F33360 /* Views */ = {
			isa = PBXGroup;
			children = (
				6BA2345323DC8BA400F33360 /* Main.storyboard */,
				6BA2345B23DC8BA700F33360 /* LaunchScreen.storyboard */,
			);
			path = Views;
			sourceTree = "<group>";
		};
		6BA2346623DC8CF700F33360 /* Controllers */ = {
			isa = PBXGroup;
			children = (
				6BA2347023DCE16A00F33360 /* Cells */,
				6BA2345123DC8BA400F33360 /* ViewController.swift */,
				6BA2346A23DCA39A00F33360 /* LoginViewController.swift */,
				6BA2346E23DCE14800F33360 /* MovieListViewController.swift */,
				6B04191423DE2794006001CE /* MovieDetailViewController.swift */,
			);
			path = Controllers;
			sourceTree = "<group>";
		};
		6BA2346723DC8D0C00F33360 /* Datas */ = {
			isa = PBXGroup;
			children = (
				6BA2347723DD036200F33360 /* DataSet.swift */,
			);
			path = Datas;
			sourceTree = "<group>";
		};
		6BA2346823DC8DA400F33360 /* Helpers */ = {
			isa = PBXGroup;
			children = (
				6BA2345E23DC8BA700F33360 /* Info.plist */,
				6BA2344D23DC8BA400F33360 /* AppDelegate.swift */,
				6BA2344F23DC8BA400F33360 /* SceneDelegate.swift */,
				6BA2345623DC8BA400F33360 /* MovieList.xcdatamodeld */,
			);
			path = Helpers;
			sourceTree = "<group>";
		};
		6BA2346923DC8DC500F33360 /* Assets */ = {
			isa = PBXGroup;
			children = (
				6BA2345923DC8BA700F33360 /* Assets.xcassets */,
			);
			path = Assets;
			sourceTree = "<group>";
		};
		6BA2347023DCE16A00F33360 /* Cells */ = {
			isa = PBXGroup;
			children = (
				6BA2347123DCE19400F33360 /* MovieCell.swift */,
			);
			path = Cells;
			sourceTree = "<group>";
		};
/* End PBXGroup section */

/* Begin PBXNativeTarget section */
		6BA2344923DC8BA400F33360 /* MovieList */ = {
			isa = PBXNativeTarget;
			buildConfigurationList = 6BA2346123DC8BA700F33360 /* Build configuration list for PBXNativeTarget "MovieList" */;
			buildPhases = (
				6BA2344623DC8BA400F33360 /* Sources */,
				6BA2344723DC8BA400F33360 /* Frameworks */,
				6BA2344823DC8BA400F33360 /* Resources */,
			);
			buildRules = (
			);
			dependencies = (
			);
			name = MovieList;
			productName = MovieList;
			productReference = 6BA2344A23DC8BA400F33360 /* MovieList.app */;
			productType = "com.apple.product-type.application";
		};
/* End PBXNativeTarget section */

/* Begin PBXProject section */
		6BA2344223DC8BA400F33360 /* Project object */ = {
			isa = PBXProject;
			attributes = {
				LastSwiftUpdateCheck = 1130;
				LastUpgradeCheck = 1130;
				ORGANIZATIONNAME = "ilkay sever";
				TargetAttributes = {
					6BA2344923DC8BA400F33360 = {
						CreatedOnToolsVersion = 11.3.1;
					};
				};
			};
			buildConfigurationList = 6BA2344523DC8BA400F33360 /* Build configuration list for PBXProject "MovieList" */;
			compatibilityVersion = "Xcode 9.3";
			developmentRegion = en;
			hasScannedForEncodings = 0;
			knownRegions = (
				en,
				Base,
			);
			mainGroup = 6BA2344123DC8BA400F33360;
			productRefGroup = 6BA2344B23DC8BA400F33360 /* Products */;
			projectDirPath = "";
			projectRoot = "";
			targets = (
				6BA2344923DC8BA400F33360 /* MovieList */,
			);
		};
/* End PBXProject section */

/* Begin PBXResourcesBuildPhase section */
		6BA2344823DC8BA400F33360 /* Resources */ = {
			isa = PBXResourcesBuildPhase;
			buildActionMask = 2147483647;
			files = (
				6BA2345D23DC8BA700F33360 /* LaunchScreen.storyboard in Resources */,
				6BA2345A23DC8BA700F33360 /* Assets.xcassets in Resources */,
				6BA2345523DC8BA400F33360 /* Main.storyboard in Resources */,
			);
			runOnlyForDeploymentPostprocessing = 0;
		};
/* End PBXResourcesBuildPhase section */

/* Begin PBXSourcesBuildPhase section */
		6BA2344623DC8BA400F33360 /* Sources */ = {
			isa = PBXSourcesBuildPhase;
			buildActionMask = 2147483647;
			files = (
				6BA2347223DCE19400F33360 /* MovieCell.swift in Sources */,
				6BA2345223DC8BA400F33360 /* ViewController.swift in Sources */,
				6BA2344E23DC8BA400F33360 /* AppDelegate.swift in Sources */,
				6BA2347823DD036200F33360 /* DataSet.swift in Sources */,
				6BA2345823DC8BA400F33360 /* MovieList.xcdatamodeld in Sources */,
				6BA2347623DD02CC00F33360 /* MovieListModel.swift in Sources */,
				6B04191523DE2794006001CE /* MovieDetailViewController.swift in Sources */,
				6BA2346F23DCE14800F33360 /* MovieListViewController.swift in Sources */,
				6BA2346B23DCA39A00F33360 /* LoginViewController.swift in Sources */,
				6BA2345023DC8BA400F33360 /* SceneDelegate.swift in Sources */,
			);
			runOnlyForDeploymentPostprocessing = 0;
		};
/* End PBXSourcesBuildPhase section */

/* Begin PBXVariantGroup section */
		6BA2345323DC8BA400F33360 /* Main.storyboard */ = {
			isa = PBXVariantGroup;
			children = (
				6BA2345423DC8BA400F33360 /* Base */,
			);
			name = Main.storyboard;
			sourceTree = "<group>";
		};
		6BA2345B23DC8BA700F33360 /* LaunchScreen.storyboard */ = {
			isa = PBXVariantGroup;
			children = (
				6BA2345C23DC8BA700F33360 /* Base */,
			);
			name = LaunchScreen.storyboard;
			sourceTree = "<group>";
		};
/* End PBXVariantGroup section */

/* Begin XCBuildConfiguration section */
		6BA2345F23DC8BA700F33360 /* Debug */ = {
			isa = XCBuildConfiguration;
			buildSettings = {
				ALWAYS_SEARCH_USER_PATHS = NO;
				CLANG_ANALYZER_NONNULL = YES;
				CLANG_ANALYZER_NUMBER_OBJECT_CONVERSION = YES_AGGRESSIVE;
				CLANG_CXX_LANGUAGE_STANDARD = "gnu++14";
				CLANG_CXX_LIBRARY = "libc++";
				CLANG_ENABLE_MODULES = YES;
				CLANG_ENABLE_OBJC_ARC = YES;
				CLANG_ENABLE_OBJC_WEAK = YES;
				CLANG_WARN_BLOCK_CAPTURE_AUTORELEASING = YES;
				CLANG_WARN_BOOL_CONVERSION = YES;
				CLANG_WARN_COMMA = YES;
				CLANG_WARN_CONSTANT_CONVERSION = YES;
				CLANG_WARN_DEPRECATED_OBJC_IMPLEMENTATIONS = YES;
				CLANG_WARN_DIRECT_OBJC_ISA_USAGE = YES_ERROR;
				CLANG_WARN_DOCUMENTATION_COMMENTS = YES;
				CLANG_WARN_EMPTY_BODY = YES;
				CLANG_WARN_ENUM_CONVERSION = YES;
				CLANG_WARN_INFINITE_RECURSION = YES;
				CLANG_WARN_INT_CONVERSION = YES;
				CLANG_WARN_NON_LITERAL_NULL_CONVERSION = YES;
				CLANG_WARN_OBJC_IMPLICIT_RETAIN_SELF = YES;
				CLANG_WARN_OBJC_LITERAL_CONVERSION = YES;
				CLANG_WARN_OBJC_ROOT_CLASS = YES_ERROR;
				CLANG_WARN_RANGE_LOOP_ANALYSIS = YES;
				CLANG_WARN_STRICT_PROTOTYPES = YES;
				CLANG_WARN_SUSPICIOUS_MOVE = YES;
				CLANG_WARN_UNGUARDED_AVAILABILITY = YES_AGGRESSIVE;
				CLANG_WARN_UNREACHABLE_CODE = YES;
				CLANG_WARN__DUPLICATE_METHOD_MATCH = YES;
				COPY_PHASE_STRIP = NO;
				DEBUG_INFORMATION_FORMAT = dwarf;
				ENABLE_STRICT_OBJC_MSGSEND = YES;
				ENABLE_TESTABILITY = YES;
				GCC_C_LANGUAGE_STANDARD = gnu11;
				GCC_DYNAMIC_NO_PIC = NO;
				GCC_NO_COMMON_BLOCKS = YES;
				GCC_OPTIMIZATION_LEVEL = 0;
				GCC_PREPROCESSOR_DEFINITIONS = (
					"DEBUG=1",
					"$(inherited)",
				);
				GCC_WARN_64_TO_32_BIT_CONVERSION = YES;
				GCC_WARN_ABOUT_RETURN_TYPE = YES_ERROR;
				GCC_WARN_UNDECLARED_SELECTOR = YES;
				GCC_WARN_UNINITIALIZED_AUTOS = YES_AGGRESSIVE;
				GCC_WARN_UNUSED_FUNCTION = YES;
				GCC_WARN_UNUSED_VARIABLE = YES;
				IPHONEOS_DEPLOYMENT_TARGET = 13.2;
				MTL_ENABLE_DEBUG_INFO = INCLUDE_SOURCE;
				MTL_FAST_MATH = YES;
				ONLY_ACTIVE_ARCH = YES;
				SDKROOT = iphoneos;
				SWIFT_ACTIVE_COMPILATION_CONDITIONS = DEBUG;
				SWIFT_OPTIMIZATION_LEVEL = "-Onone";
			};
			name = Debug;
		};
		6BA2346023DC8BA700F33360 /* Release */ = {
			isa = XCBuildConfiguration;
			buildSettings = {
				ALWAYS_SEARCH_USER_PATHS = NO;
				CLANG_ANALYZER_NONNULL = YES;
				CLANG_ANALYZER_NUMBER_OBJECT_CONVERSION = YES_AGGRESSIVE;
				CLANG_CXX_LANGUAGE_STANDARD = "gnu++14";
				CLANG_CXX_LIBRARY = "libc++";
				CLANG_ENABLE_MODULES = YES;
				CLANG_ENABLE_OBJC_ARC = YES;
				CLANG_ENABLE_OBJC_WEAK = YES;
				CLANG_WARN_BLOCK_CAPTURE_AUTORELEASING = YES;
				CLANG_WARN_BOOL_CONVERSION = YES;
				CLANG_WARN_COMMA = YES;
				CLANG_WARN_CONSTANT_CONVERSION = YES;
				CLANG_WARN_DEPRECATED_OBJC_IMPLEMENTATIONS = YES;
				CLANG_WARN_DIRECT_OBJC_ISA_USAGE = YES_ERROR;
				CLANG_WARN_DOCUMENTATION_COMMENTS = YES;
				CLANG_WARN_EMPTY_BODY = YES;
				CLANG_WARN_ENUM_CONVERSION = YES;
				CLANG_WARN_INFINITE_RECURSION = YES;
				CLANG_WARN_INT_CONVERSION = YES;
				CLANG_WARN_NON_LITERAL_NULL_CONVERSION = YES;
				CLANG_WARN_OBJC_IMPLICIT_RETAIN_SELF = YES;
				CLANG_WARN_OBJC_LITERAL_CONVERSION = YES;
				CLANG_WARN_OBJC_ROOT_CLASS = YES_ERROR;
				CLANG_WARN_RANGE_LOOP_ANALYSIS = YES;
				CLANG_WARN_STRICT_PROTOTYPES = YES;
				CLANG_WARN_SUSPICIOUS_MOVE = YES;
				CLANG_WARN_UNGUARDED_AVAILABILITY = YES_AGGRESSIVE;
				CLANG_WARN_UNREACHABLE_CODE = YES;
				CLANG_WARN__DUPLICATE_METHOD_MATCH = YES;
				COPY_PHASE_STRIP = NO;
				DEBUG_INFORMATION_FORMAT = "dwarf-with-dsym";
				ENABLE_NS_ASSERTIONS = NO;
				ENABLE_STRICT_OBJC_MSGSEND = YES;
				GCC_C_LANGUAGE_STANDARD = gnu11;
				GCC_NO_COMMON_BLOCKS = YES;
				GCC_WARN_64_TO_32_BIT_CONVERSION = YES;
				GCC_WARN_ABOUT_RETURN_TYPE = YES_ERROR;
				GCC_WARN_UNDECLARED_SELECTOR = YES;
				GCC_WARN_UNINITIALIZED_AUTOS = YES_AGGRESSIVE;
				GCC_WARN_UNUSED_FUNCTION = YES;
				GCC_WARN_UNUSED_VARIABLE = YES;
				IPHONEOS_DEPLOYMENT_TARGET = 13.2;
				MTL_ENABLE_DEBUG_INFO = NO;
				MTL_FAST_MATH = YES;
				SDKROOT = iphoneos;
				SWIFT_COMPILATION_MODE = wholemodule;
				SWIFT_OPTIMIZATION_LEVEL = "-O";
				VALIDATE_PRODUCT = YES;
			};
			name = Release;
		};
		6BA2346223DC8BA700F33360 /* Debug */ = {
			isa = XCBuildConfiguration;
			buildSettings = {
				ASSETCATALOG_COMPILER_APPICON_NAME = AppIcon;
				CODE_SIGN_STYLE = Automatic;
				DEVELOPMENT_TEAM = 2B2355P26S;
				INFOPLIST_FILE = MovieList/Helpers/Info.plist;
				LD_RUNPATH_SEARCH_PATHS = (
					"$(inherited)",
					"@executable_path/Frameworks",
				);
				PRODUCT_BUNDLE_IDENTIFIER = ilkaysever.MovieList;
				PRODUCT_NAME = "$(TARGET_NAME)";
				SWIFT_VERSION = 5.0;
				TARGETED_DEVICE_FAMILY = "1,2";
			};
			name = Debug;
		};
		6BA2346323DC8BA700F33360 /* Release */ = {
			isa = XCBuildConfiguration;
			buildSettings = {
				ASSETCATALOG_COMPILER_APPICON_NAME = AppIcon;
				CODE_SIGN_STYLE = Automatic;
				DEVELOPMENT_TEAM = 2B2355P26S;
				INFOPLIST_FILE = MovieList/Helpers/Info.plist;
				LD_RUNPATH_SEARCH_PATHS = (
					"$(inherited)",
					"@executable_path/Frameworks",
				);
				PRODUCT_BUNDLE_IDENTIFIER = ilkaysever.MovieList;
				PRODUCT_NAME = "$(TARGET_NAME)";
				SWIFT_VERSION = 5.0;
				TARGETED_DEVICE_FAMILY = "1,2";
			};
			name = Release;
		};
/* End XCBuildConfiguration section */

/* Begin XCConfigurationList section */
		6BA2344523DC8BA400F33360 /* Build configuration list for PBXProject "MovieList" */ = {
			isa = XCConfigurationList;
			buildConfigurations = (
				6BA2345F23DC8BA700F33360 /* Debug */,
				6BA2346023DC8BA700F33360 /* Release */,
			);
			defaultConfigurationIsVisible = 0;
			defaultConfigurationName = Release;
		};
		6BA2346123DC8BA700F33360 /* Build configuration list for PBXNativeTarget "MovieList" */ = {
			isa = XCConfigurationList;
			buildConfigurations = (
				6BA2346223DC8BA700F33360 /* Debug */,
				6BA2346323DC8BA700F33360 /* Release */,
			);
			defaultConfigurationIsVisible = 0;
			defaultConfigurationName = Release;
		};
/* End XCConfigurationList section */

/* Begin XCVersionGroup section */
		6BA2345623DC8BA400F33360 /* MovieList.xcdatamodeld */ = {
			isa = XCVersionGroup;
			children = (
				6BA2345723DC8BA400F33360 /* MovieList.xcdatamodel */,
			);
			currentVersion = 6BA2345723DC8BA400F33360 /* MovieList.xcdatamodel */;
			path = MovieList.xcdatamodeld;
			sourceTree = "<group>";
			versionGroupType = wrapper.xcdatamodel;
		};
/* End XCVersionGroup section */
	};
	rootObject = 6BA2344223DC8BA400F33360 /* Project object */;
}
